// !$*UTF8*$!
{
	archiveVersion = 1;
	classes = {
	};
	objectVersion = 51;
	objects = {

/* Begin PBXBuildFile section */
		3D55ADE825D0E9B7002025FD /* MovieDetailsViewController.swift in Sources */ = {isa = PBXBuildFile; fileRef = 3D55ADE725D0E9B7002025FD /* MovieDetailsViewController.swift */; };
		3D55ADF025D1557F002025FD /* MovieGridViewController.swift in Sources */ = {isa = PBXBuildFile; fileRef = 3D55ADEF25D1557F002025FD /* MovieGridViewController.swift */; };
		3D55ADF525D15DFA002025FD /* MovieGridCell.swift in Sources */ = {isa = PBXBuildFile; fileRef = 3D55ADF425D15DFA002025FD /* MovieGridCell.swift */; };
		3DCB9CA125C7D34400ECA2E3 /* AppDelegate.swift in Sources */ = {isa = PBXBuildFile; fileRef = 3DCB9CA025C7D34400ECA2E3 /* AppDelegate.swift */; };
		3DCB9CA325C7D34400ECA2E3 /* SceneDelegate.swift in Sources */ = {isa = PBXBuildFile; fileRef = 3DCB9CA225C7D34400ECA2E3 /* SceneDelegate.swift */; };
		3DCB9CA825C7D34400ECA2E3 /* Main.storyboard in Resources */ = {isa = PBXBuildFile; fileRef = 3DCB9CA625C7D34400ECA2E3 /* Main.storyboard */; };
		3DCB9CAA25C7D34500ECA2E3 /* Assets.xcassets in Resources */ = {isa = PBXBuildFile; fileRef = 3DCB9CA925C7D34500ECA2E3 /* Assets.xcassets */; };
		3DCB9CAD25C7D34500ECA2E3 /* LaunchScreen.storyboard in Resources */ = {isa = PBXBuildFile; fileRef = 3DCB9CAB25C7D34500ECA2E3 /* LaunchScreen.storyboard */; };
		3DCB9CB825C7D34500ECA2E3 /* MooVeeTests.swift in Sources */ = {isa = PBXBuildFile; fileRef = 3DCB9CB725C7D34500ECA2E3 /* MooVeeTests.swift */; };
		3DCB9CC325C7D34500ECA2E3 /* MooVeeUITests.swift in Sources */ = {isa = PBXBuildFile; fileRef = 3DCB9CC225C7D34500ECA2E3 /* MooVeeUITests.swift */; };
		3DCB9CD725C7DAB000ECA2E3 /* MoviesViewController.swift in Sources */ = {isa = PBXBuildFile; fileRef = 3DCB9CD625C7DAB000ECA2E3 /* MoviesViewController.swift */; };
		3DCB9CE425C8E63700ECA2E3 /* MovieCell.swift in Sources */ = {isa = PBXBuildFile; fileRef = 3DCB9CE325C8E63700ECA2E3 /* MovieCell.swift */; };
		50B9FC92BFC3D656F3A52B79 /* Pods_MooVeeTests.framework in Frameworks */ = {isa = PBXBuildFile; fileRef = 3D7E21D9DB4A3B6445E7DF54 /* Pods_MooVeeTests.framework */; };
		5334A5D9BF99CBD571ABE190 /* Pods_MooVee.framework in Frameworks */ = {isa = PBXBuildFile; fileRef = D11BBA00C5438D58E8CAB8F9 /* Pods_MooVee.framework */; };
		C16F317F9C179F7609D090E2 /* Pods_MooVee_MooVeeUITests.framework in Frameworks */ = {isa = PBXBuildFile; fileRef = 49D34C95CBAF9610A9F85009 /* Pods_MooVee_MooVeeUITests.framework */; };
/* End PBXBuildFile section */

/* Begin PBXContainerItemProxy section */
		3DCB9CB425C7D34500ECA2E3 /* PBXContainerItemProxy */ = {
			isa = PBXContainerItemProxy;
			containerPortal = 3DCB9C9525C7D34400ECA2E3 /* Project object */;
			proxyType = 1;
			remoteGlobalIDString = 3DCB9C9C25C7D34400ECA2E3;
			remoteInfo = MooVee;
		};
		3DCB9CBF25C7D34500ECA2E3 /* PBXContainerItemProxy */ = {
			isa = PBXContainerItemProxy;
			containerPortal = 3DCB9C9525C7D34400ECA2E3 /* Project object */;
			proxyType = 1;
			remoteGlobalIDString = 3DCB9C9C25C7D34400ECA2E3;
			remoteInfo = MooVee;
		};
/* End PBXContainerItemProxy section */

/* Begin PBXFileReference section */
		252F8F9E8E0DD2B03FECAC75 /* Pods-MooVee-MooVeeUITests.release.xcconfig */ = {isa = PBXFileReference; includeInIndex = 1; lastKnownFileType = text.xcconfig; name = "Pods-MooVee-MooVeeUITests.release.xcconfig"; path = "Target Support Files/Pods-MooVee-MooVeeUITests/Pods-MooVee-MooVeeUITests.release.xcconfig"; sourceTree = "<group>"; };
		3D55ADE725D0E9B7002025FD /* MovieDetailsViewController.swift */ = {isa = PBXFileReference; lastKnownFileType = sourcecode.swift; path = MovieDetailsViewController.swift; sourceTree = "<group>"; };
		3D55ADEF25D1557F002025FD /* MovieGridViewController.swift */ = {isa = PBXFileReference; lastKnownFileType = sourcecode.swift; path = MovieGridViewController.swift; sourceTree = "<group>"; };
		3D55ADF425D15DFA002025FD /* MovieGridCell.swift */ = {isa = PBXFileReference; lastKnownFileType = sourcecode.swift; path = MovieGridCell.swift; sourceTree = "<group>"; };
		3D7E21D9DB4A3B6445E7DF54 /* Pods_MooVeeTests.framework */ = {isa = PBXFileReference; explicitFileType = wrapper.framework; includeInIndex = 0; path = Pods_MooVeeTests.framework; sourceTree = BUILT_PRODUCTS_DIR; };
		3DCB9C9D25C7D34400ECA2E3 /* MooVee.app */ = {isa = PBXFileReference; explicitFileType = wrapper.application; includeInIndex = 0; path = MooVee.app; sourceTree = BUILT_PRODUCTS_DIR; };
		3DCB9CA025C7D34400ECA2E3 /* AppDelegate.swift */ = {isa = PBXFileReference; lastKnownFileType = sourcecode.swift; path = AppDelegate.swift; sourceTree = "<group>"; };
		3DCB9CA225C7D34400ECA2E3 /* SceneDelegate.swift */ = {isa = PBXFileReference; lastKnownFileType = sourcecode.swift; path = SceneDelegate.swift; sourceTree = "<group>"; };
		3DCB9CA725C7D34400ECA2E3 /* Base */ = {isa = PBXFileReference; lastKnownFileType = file.storyboard; name = Base; path = Base.lproj/Main.storyboard; sourceTree = "<group>"; };
		3DCB9CA925C7D34500ECA2E3 /* Assets.xcassets */ = {isa = PBXFileReference; lastKnownFileType = folder.assetcatalog; path = Assets.xcassets; sourceTree = "<group>"; };
		3DCB9CAC25C7D34500ECA2E3 /* Base */ = {isa = PBXFileReference; lastKnownFileType = file.storyboard; name = Base; path = Base.lproj/LaunchScreen.storyboard; sourceTree = "<group>"; };
		3DCB9CAE25C7D34500ECA2E3 /* Info.plist */ = {isa = PBXFileReference; lastKnownFileType = text.plist.xml; path = Info.plist; sourceTree = "<group>"; };
		3DCB9CB325C7D34500ECA2E3 /* MooVeeTests.xctest */ = {isa = PBXFileReference; explicitFileType = wrapper.cfbundle; includeInIndex = 0; path = MooVeeTests.xctest; sourceTree = BUILT_PRODUCTS_DIR; };
		3DCB9CB725C7D34500ECA2E3 /* MooVeeTests.swift */ = {isa = PBXFileReference; lastKnownFileType = sourcecode.swift; path = MooVeeTests.swift; sourceTree = "<group>"; };
		3DCB9CB925C7D34500ECA2E3 /* Info.plist */ = {isa = PBXFileReference; lastKnownFileType = text.plist.xml; path = Info.plist; sourceTree = "<group>"; };
		3DCB9CBE25C7D34500ECA2E3 /* MooVeeUITests.xctest */ = {isa = PBXFileReference; explicitFileType = wrapper.cfbundle; includeInIndex = 0; path = MooVeeUITests.xctest; sourceTree = BUILT_PRODUCTS_DIR; };
		3DCB9CC225C7D34500ECA2E3 /* MooVeeUITests.swift */ = {isa = PBXFileReference; lastKnownFileType = sourcecode.swift; path = MooVeeUITests.swift; sourceTree = "<group>"; };
		3DCB9CC425C7D34500ECA2E3 /* Info.plist */ = {isa = PBXFileReference; lastKnownFileType = text.plist.xml; path = Info.plist; sourceTree = "<group>"; };
		3DCB9CD625C7DAB000ECA2E3 /* MoviesViewController.swift */ = {isa = PBXFileReference; lastKnownFileType = sourcecode.swift; path = MoviesViewController.swift; sourceTree = "<group>"; };
		3DCB9CE325C8E63700ECA2E3 /* MovieCell.swift */ = {isa = PBXFileReference; lastKnownFileType = sourcecode.swift; path = MovieCell.swift; sourceTree = "<group>"; };
		44AB4A565A92A88AF09BB322 /* Pods-MooVeeTests.debug.xcconfig */ = {isa = PBXFileReference; includeInIndex = 1; lastKnownFileType = text.xcconfig; name = "Pods-MooVeeTests.debug.xcconfig"; path = "Target Support Files/Pods-MooVeeTests/Pods-MooVeeTests.debug.xcconfig"; sourceTree = "<group>"; };
		49D34C95CBAF9610A9F85009 /* Pods_MooVee_MooVeeUITests.framework */ = {isa = PBXFileReference; explicitFileType = wrapper.framework; includeInIndex = 0; path = Pods_MooVee_MooVeeUITests.framework; sourceTree = BUILT_PRODUCTS_DIR; };
		C035F3382B4EE3EFD7420851 /* Pods-MooVee.release.xcconfig */ = {isa = PBXFileReference; includeInIndex = 1; lastKnownFileType = text.xcconfig; name = "Pods-MooVee.release.xcconfig"; path = "Target Support Files/Pods-MooVee/Pods-MooVee.release.xcconfig"; sourceTree = "<group>"; };
		C4814A090E9DA9834557DAA1 /* Pods-MooVee.debug.xcconfig */ = {isa = PBXFileReference; includeInIndex = 1; lastKnownFileType = text.xcconfig; name = "Pods-MooVee.debug.xcconfig"; path = "Target Support Files/Pods-MooVee/Pods-MooVee.debug.xcconfig"; sourceTree = "<group>"; };
		D11BBA00C5438D58E8CAB8F9 /* Pods_MooVee.framework */ = {isa = PBXFileReference; explicitFileType = wrapper.framework; includeInIndex = 0; path = Pods_MooVee.framework; sourceTree = BUILT_PRODUCTS_DIR; };
		DA033268357FD693A5D09EBE /* Pods-MooVee-MooVeeUITests.debug.xcconfig */ = {isa = PBXFileReference; includeInIndex = 1; lastKnownFileType = text.xcconfig; name = "Pods-MooVee-MooVeeUITests.debug.xcconfig"; path = "Target Support Files/Pods-MooVee-MooVeeUITests/Pods-MooVee-MooVeeUITests.debug.xcconfig"; sourceTree = "<group>"; };
		FA6D3E39517AC502AA4E3AF9 /* Pods-MooVeeTests.release.xcconfig */ = {isa = PBXFileReference; includeInIndex = 1; lastKnownFileType = text.xcconfig; name = "Pods-MooVeeTests.release.xcconfig"; path = "Target Support Files/Pods-MooVeeTests/Pods-MooVeeTests.release.xcconfig"; sourceTree = "<group>"; };
/* End PBXFileReference section */

/* Begin PBXFrameworksBuildPhase section */
		3DCB9C9A25C7D34400ECA2E3 /* Frameworks */ = {
			isa = PBXFrameworksBuildPhase;
			buildActionMask = 2147483647;
			files = (
				5334A5D9BF99CBD571ABE190 /* Pods_MooVee.framework in Frameworks */,
			);
			runOnlyForDeploymentPostprocessing = 0;
		};
		3DCB9CB025C7D34500ECA2E3 /* Frameworks */ = {
			isa = PBXFrameworksBuildPhase;
			buildActionMask = 2147483647;
			files = (
				50B9FC92BFC3D656F3A52B79 /* Pods_MooVeeTests.framework in Frameworks */,
			);
			runOnlyForDeploymentPostprocessing = 0;
		};
		3DCB9CBB25C7D34500ECA2E3 /* Frameworks */ = {
			isa = PBXFrameworksBuildPhase;
			buildActionMask = 2147483647;
			files = (
				C16F317F9C179F7609D090E2 /* Pods_MooVee_MooVeeUITests.framework in Frameworks */,
			);
			runOnlyForDeploymentPostprocessing = 0;
		};
/* End PBXFrameworksBuildPhase section */

/* Begin PBXGroup section */
		2265D70C6558A4956952B8B8 /* Pods */ = {
			isa = PBXGroup;
			children = (
				C4814A090E9DA9834557DAA1 /* Pods-MooVee.debug.xcconfig */,
				C035F3382B4EE3EFD7420851 /* Pods-MooVee.release.xcconfig */,
				DA033268357FD693A5D09EBE /* Pods-MooVee-MooVeeUITests.debug.xcconfig */,
				252F8F9E8E0DD2B03FECAC75 /* Pods-MooVee-MooVeeUITests.release.xcconfig */,
				44AB4A565A92A88AF09BB322 /* Pods-MooVeeTests.debug.xcconfig */,
				FA6D3E39517AC502AA4E3AF9 /* Pods-MooVeeTests.release.xcconfig */,
			);
			path = Pods;
			sourceTree = "<group>";
		};
		3B41B308BEBF19430DE82F28 /* Frameworks */ = {
			isa = PBXGroup;
			children = (
				D11BBA00C5438D58E8CAB8F9 /* Pods_MooVee.framework */,
				49D34C95CBAF9610A9F85009 /* Pods_MooVee_MooVeeUITests.framework */,
				3D7E21D9DB4A3B6445E7DF54 /* Pods_MooVeeTests.framework */,
			);
			name = Frameworks;
			sourceTree = "<group>";
		};
		3DCB9C9425C7D34400ECA2E3 = {
			isa = PBXGroup;
			children = (
				3DCB9C9F25C7D34400ECA2E3 /* MooVee */,
				3DCB9CB625C7D34500ECA2E3 /* MooVeeTests */,
				3DCB9CC125C7D34500ECA2E3 /* MooVeeUITests */,
				3DCB9C9E25C7D34400ECA2E3 /* Products */,
				2265D70C6558A4956952B8B8 /* Pods */,
				3B41B308BEBF19430DE82F28 /* Frameworks */,
			);
			sourceTree = "<group>";
		};
		3DCB9C9E25C7D34400ECA2E3 /* Products */ = {
			isa = PBXGroup;
			children = (
				3DCB9C9D25C7D34400ECA2E3 /* MooVee.app */,
				3DCB9CB325C7D34500ECA2E3 /* MooVeeTests.xctest */,
				3DCB9CBE25C7D34500ECA2E3 /* MooVeeUITests.xctest */,
			);
			name = Products;
			sourceTree = "<group>";
		};
		3DCB9C9F25C7D34400ECA2E3 /* MooVee */ = {
			isa = PBXGroup;
			children = (
				3DCB9CA025C7D34400ECA2E3 /* AppDelegate.swift */,
				3DCB9CA225C7D34400ECA2E3 /* SceneDelegate.swift */,
				3DCB9CA625C7D34400ECA2E3 /* Main.storyboard */,
				3DCB9CA925C7D34500ECA2E3 /* Assets.xcassets */,
				3DCB9CAB25C7D34500ECA2E3 /* LaunchScreen.storyboard */,
				3DCB9CAE25C7D34500ECA2E3 /* Info.plist */,
				3DCB9CD625C7DAB000ECA2E3 /* MoviesViewController.swift */,
				3DCB9CE325C8E63700ECA2E3 /* MovieCell.swift */,
				3D55ADE725D0E9B7002025FD /* MovieDetailsViewController.swift */,
				3D55ADEF25D1557F002025FD /* MovieGridViewController.swift */,
				3D55ADF425D15DFA002025FD /* MovieGridCell.swift */,
			);
			path = MooVee;
			sourceTree = "<group>";
		};
		3DCB9CB625C7D34500ECA2E3 /* MooVeeTests */ = {
			isa = PBXGroup;
			children = (
				3DCB9CB725C7D34500ECA2E3 /* MooVeeTests.swift */,
				3DCB9CB925C7D34500ECA2E3 /* Info.plist */,
			);
			path = MooVeeTests;
			sourceTree = "<group>";
		};
		3DCB9CC125C7D34500ECA2E3 /* MooVeeUITests */ = {
			isa = PBXGroup;
			children = (
				3DCB9CC225C7D34500ECA2E3 /* MooVeeUITests.swift */,
				3DCB9CC425C7D34500ECA2E3 /* Info.plist */,
			);
			path = MooVeeUITests;
			sourceTree = "<group>";
		};
/* End PBXGroup section */

/* Begin PBXNativeTarget section */
		3DCB9C9C25C7D34400ECA2E3 /* MooVee */ = {
			isa = PBXNativeTarget;
			buildConfigurationList = 3DCB9CC725C7D34500ECA2E3 /* Build configuration list for PBXNativeTarget "MooVee" */;
			buildPhases = (
				50BDF6D4649A719775A7902C /* [CP] Check Pods Manifest.lock */,
				3DCB9C9925C7D34400ECA2E3 /* Sources */,
				3DCB9C9A25C7D34400ECA2E3 /* Frameworks */,
				3DCB9C9B25C7D34400ECA2E3 /* Resources */,
				4195BBF88D90E857593DB662 /* [CP] Embed Pods Frameworks */,
			);
			buildRules = (
			);
			dependencies = (
			);
			name = MooVee;
			productName = MooVee;
			productReference = 3DCB9C9D25C7D34400ECA2E3 /* MooVee.app */;
			productType = "com.apple.product-type.application";
		};
		3DCB9CB225C7D34500ECA2E3 /* MooVeeTests */ = {
			isa = PBXNativeTarget;
			buildConfigurationList = 3DCB9CCA25C7D34500ECA2E3 /* Build configuration list for PBXNativeTarget "MooVeeTests" */;
			buildPhases = (
				01A58B5FA8BAF1215F684B6E /* [CP] Check Pods Manifest.lock */,
				3DCB9CAF25C7D34500ECA2E3 /* Sources */,
				3DCB9CB025C7D34500ECA2E3 /* Frameworks */,
				3DCB9CB125C7D34500ECA2E3 /* Resources */,
			);
			buildRules = (
			);
			dependencies = (
				3DCB9CB525C7D34500ECA2E3 /* PBXTargetDependency */,
			);
			name = MooVeeTests;
			productName = MooVeeTests;
			productReference = 3DCB9CB325C7D34500ECA2E3 /* MooVeeTests.xctest */;
			productType = "com.apple.product-type.bundle.unit-test";
		};
		3DCB9CBD25C7D34500ECA2E3 /* MooVeeUITests */ = {
			isa = PBXNativeTarget;
			buildConfigurationList = 3DCB9CCD25C7D34500ECA2E3 /* Build configuration list for PBXNativeTarget "MooVeeUITests" */;
			buildPhases = (
				8690157081B600FAF7BB14A1 /* [CP] Check Pods Manifest.lock */,
				3DCB9CBA25C7D34500ECA2E3 /* Sources */,
				3DCB9CBB25C7D34500ECA2E3 /* Frameworks */,
				3DCB9CBC25C7D34500ECA2E3 /* Resources */,
				B33BD77EFB97BD7DF59B400A /* [CP] Embed Pods Frameworks */,
			);
			buildRules = (
			);
			dependencies = (
				3DCB9CC025C7D34500ECA2E3 /* PBXTargetDependency */,
			);
			name = MooVeeUITests;
			productName = MooVeeUITests;
			productReference = 3DCB9CBE25C7D34500ECA2E3 /* MooVeeUITests.xctest */;
			productType = "com.apple.product-type.bundle.ui-testing";
		};
/* End PBXNativeTarget section */

/* Begin PBXProject section */
		3DCB9C9525C7D34400ECA2E3 /* Project object */ = {
			isa = PBXProject;
			attributes = {
				LastSwiftUpdateCheck = 1240;
				LastUpgradeCheck = 1240;
				TargetAttributes = {
					3DCB9C9C25C7D34400ECA2E3 = {
						CreatedOnToolsVersion = 12.4;
					};
					3DCB9CB225C7D34500ECA2E3 = {
						CreatedOnToolsVersion = 12.4;
						TestTargetID = 3DCB9C9C25C7D34400ECA2E3;
					};
					3DCB9CBD25C7D34500ECA2E3 = {
						CreatedOnToolsVersion = 12.4;
						TestTargetID = 3DCB9C9C25C7D34400ECA2E3;
					};
				};
			};
			buildConfigurationList = 3DCB9C9825C7D34400ECA2E3 /* Build configuration list for PBXProject "MooVee" */;
			compatibilityVersion = "Xcode 9.3";
			developmentRegion = en;
			hasScannedForEncodings = 0;
			knownRegions = (
				en,
				Base,
			);
			mainGroup = 3DCB9C9425C7D34400ECA2E3;
			productRefGroup = 3DCB9C9E25C7D34400ECA2E3 /* Products */;
			projectDirPath = "";
			projectRoot = "";
			targets = (
				3DCB9C9C25C7D34400ECA2E3 /* MooVee */,
				3DCB9CB225C7D34500ECA2E3 /* MooVeeTests */,
				3DCB9CBD25C7D34500ECA2E3 /* MooVeeUITests */,
			);
		};
/* End PBXProject section */

/* Begin PBXResourcesBuildPhase section */
		3DCB9C9B25C7D34400ECA2E3 /* Resources */ = {
			isa = PBXResourcesBuildPhase;
			buildActionMask = 2147483647;
			files = (
				3DCB9CAD25C7D34500ECA2E3 /* LaunchScreen.storyboard in Resources */,
				3DCB9CAA25C7D34500ECA2E3 /* Assets.xcassets in Resources */,
				3DCB9CA825C7D34400ECA2E3 /* Main.storyboard in Resources */,
			);
			runOnlyForDeploymentPostprocessing = 0;
		};
		3DCB9CB125C7D34500ECA2E3 /* Resources */ = {
			isa = PBXResourcesBuildPhase;
			buildActionMask = 2147483647;
			files = (
			);
			runOnlyForDeploymentPostprocessing = 0;
		};
		3DCB9CBC25C7D34500ECA2E3 /* Resources */ = {
			isa = PBXResourcesBuildPhase;
			buildActionMask = 2147483647;
			files = (
			);
			runOnlyForDeploymentPostprocessing = 0;
		};
/* End PBXResourcesBuildPhase section */

/* Begin PBXShellScriptBuildPhase section */
		01A58B5FA8BAF1215F684B6E /* [CP] Check Pods Manifest.lock */ = {
			isa = PBXShellScriptBuildPhase;
			buildActionMask = 2147483647;
			files = (
			);
			inputFileListPaths = (
			);
			inputPaths = (
				"${PODS_PODFILE_DIR_PATH}/Podfile.lock",
				"${PODS_ROOT}/Manifest.lock",
			);
			name = "[CP] Check Pods Manifest.lock";
			outputFileListPaths = (
			);
			outputPaths = (
				"$(DERIVED_FILE_DIR)/Pods-MooVeeTests-checkManifestLockResult.txt",
			);
			runOnlyForDeploymentPostprocessing = 0;
			shellPath = /bin/sh;
			shellScript = "diff \"${PODS_PODFILE_DIR_PATH}/Podfile.lock\" \"${PODS_ROOT}/Manifest.lock\" > /dev/null\nif [ $? != 0 ] ; then\n    # print error to STDERR\n    echo \"error: The sandbox is not in sync with the Podfile.lock. Run 'pod install' or update your CocoaPods installation.\" >&2\n    exit 1\nfi\n# This output is used by Xcode 'outputs' to avoid re-running this script phase.\necho \"SUCCESS\" > \"${SCRIPT_OUTPUT_FILE_0}\"\n";
			showEnvVarsInLog = 0;
		};
		4195BBF88D90E857593DB662 /* [CP] Embed Pods Frameworks */ = {
			isa = PBXShellScriptBuildPhase;
			buildActionMask = 2147483647;
			files = (
			);
			inputFileListPaths = (
				"${PODS_ROOT}/Target Support Files/Pods-MooVee/Pods-MooVee-frameworks-${CONFIGURATION}-input-files.xcfilelist",
			);
			name = "[CP] Embed Pods Frameworks";
			outputFileListPaths = (
				"${PODS_ROOT}/Target Support Files/Pods-MooVee/Pods-MooVee-frameworks-${CONFIGURATION}-output-files.xcfilelist",
			);
			runOnlyForDeploymentPostprocessing = 0;
			shellPath = /bin/sh;
			shellScript = "\"${PODS_ROOT}/Target Support Files/Pods-MooVee/Pods-MooVee-frameworks.sh\"\n";
			showEnvVarsInLog = 0;
		};
		50BDF6D4649A719775A7902C /* [CP] Check Pods Manifest.lock */ = {
			isa = PBXShellScriptBuildPhase;
			buildActionMask = 2147483647;
			files = (
			);
			inputFileListPaths = (
			);
			inputPaths = (
				"${PODS_PODFILE_DIR_PATH}/Podfile.lock",
				"${PODS_ROOT}/Manifest.lock",
			);
			name = "[CP] Check Pods Manifest.lock";
			outputFileListPaths = (
			);
			outputPaths = (
				"$(DERIVED_FILE_DIR)/Pods-MooVee-checkManifestLockResult.txt",
			);
			runOnlyForDeploymentPostprocessing = 0;
			shellPath = /bin/sh;
			shellScript = "diff \"${PODS_PODFILE_DIR_PATH}/Podfile.lock\" \"${PODS_ROOT}/Manifest.lock\" > /dev/null\nif [ $? != 0 ] ; then\n    # print error to STDERR\n    echo \"error: The sandbox is not in sync with the Podfile.lock. Run 'pod install' or update your CocoaPods installation.\" >&2\n    exit 1\nfi\n# This output is used by Xcode 'outputs' to avoid re-running this script phase.\necho \"SUCCESS\" > \"${SCRIPT_OUTPUT_FILE_0}\"\n";
			showEnvVarsInLog = 0;
		};
		8690157081B600FAF7BB14A1 /* [CP] Check Pods Manifest.lock */ = {
			isa = PBXShellScriptBuildPhase;
			buildActionMask = 2147483647;
			files = (
			);
			inputFileListPaths = (
			);
			inputPaths = (
				"${PODS_PODFILE_DIR_PATH}/Podfile.lock",
				"${PODS_ROOT}/Manifest.lock",
			);
			name = "[CP] Check Pods Manifest.lock";
			outputFileListPaths = (
			);
			outputPaths = (
				"$(DERIVED_FILE_DIR)/Pods-MooVee-MooVeeUITests-checkManifestLockResult.txt",
			);
			runOnlyForDeploymentPostprocessing = 0;
			shellPath = /bin/sh;
			shellScript = "diff \"${PODS_PODFILE_DIR_PATH}/Podfile.lock\" \"${PODS_ROOT}/Manifest.lock\" > /dev/null\nif [ $? != 0 ] ; then\n    # print error to STDERR\n    echo \"error: The sandbox is not in sync with the Podfile.lock. Run 'pod install' or update your CocoaPods installation.\" >&2\n    exit 1\nfi\n# This output is used by Xcode 'outputs' to avoid re-running this script phase.\necho \"SUCCESS\" > \"${SCRIPT_OUTPUT_FILE_0}\"\n";
			showEnvVarsInLog = 0;
		};
		B33BD77EFB97BD7DF59B400A /* [CP] Embed Pods Frameworks */ = {
			isa = PBXShellScriptBuildPhase;
			buildActionMask = 2147483647;
			files = (
			);
			inputFileListPaths = (
				"${PODS_ROOT}/Target Support Files/Pods-MooVee-MooVeeUITests/Pods-MooVee-MooVeeUITests-frameworks-${CONFIGURATION}-input-files.xcfilelist",
			);
			name = "[CP] Embed Pods Frameworks";
			outputFileListPaths = (
				"${PODS_ROOT}/Target Support Files/Pods-MooVee-MooVeeUITests/Pods-MooVee-MooVeeUITests-frameworks-${CONFIGURATION}-output-files.xcfilelist",
			);
			runOnlyForDeploymentPostprocessing = 0;
			shellPath = /bin/sh;
			shellScript = "\"${PODS_ROOT}/Target Support Files/Pods-MooVee-MooVeeUITests/Pods-MooVee-MooVeeUITests-frameworks.sh\"\n";
			showEnvVarsInLog = 0;
		};
/* End PBXShellScriptBuildPhase section */

/* Begin PBXSourcesBuildPhase section */
		3DCB9C9925C7D34400ECA2E3 /* Sources */ = {
			isa = PBXSourcesBuildPhase;
			buildActionMask = 2147483647;
			files = (
				3D55ADE825D0E9B7002025FD /* MovieDetailsViewController.swift in Sources */,
				3DCB9CA125C7D34400ECA2E3 /* AppDelegate.swift in Sources */,
				3DCB9CA325C7D34400ECA2E3 /* SceneDelegate.swift in Sources */,
				3DCB9CE425C8E63700ECA2E3 /* MovieCell.swift in Sources */,
				3DCB9CD725C7DAB000ECA2E3 /* MoviesViewController.swift in Sources */,
				3D55ADF025D1557F002025FD /* MovieGridViewController.swift in Sources */,
				3D55ADF525D15DFA002025FD /* MovieGridCell.swift in Sources */,
			);
			runOnlyForDeploymentPostprocessing = 0;
		};
		3DCB9CAF25C7D34500ECA2E3 /* Sources */ = {
			isa = PBXSourcesBuildPhase;
			buildActionMask = 2147483647;
			files = (
				3DCB9CB825C7D34500ECA2E3 /* MooVeeTests.swift in Sources */,
			);
			runOnlyForDeploymentPostprocessing = 0;
		};
		3DCB9CBA25C7D34500ECA2E3 /* Sources */ = {
			isa = PBXSourcesBuildPhase;
			buildActionMask = 2147483647;
			files = (
				3DCB9CC325C7D34500ECA2E3 /* MooVeeUITests.swift in Sources */,
			);
			runOnlyForDeploymentPostprocessing = 0;
		};
/* End PBXSourcesBuildPhase section */

/* Begin PBXTargetDependency section */
		3DCB9CB525C7D34500ECA2E3 /* PBXTargetDependency */ = {
			isa = PBXTargetDependency;
			target = 3DCB9C9C25C7D34400ECA2E3 /* MooVee */;
			targetProxy = 3DCB9CB425C7D34500ECA2E3 /* PBXContainerItemProxy */;
		};
		3DCB9CC025C7D34500ECA2E3 /* PBXTargetDependency */ = {
			isa = PBXTargetDependency;
			target = 3DCB9C9C25C7D34400ECA2E3 /* MooVee */;
			targetProxy = 3DCB9CBF25C7D34500ECA2E3 /* PBXContainerItemProxy */;
		};
/* End PBXTargetDependency section */

/* Begin PBXVariantGroup section */
		3DCB9CA625C7D34400ECA2E3 /* Main.storyboard */ = {
			isa = PBXVariantGroup;
			children = (
				3DCB9CA725C7D34400ECA2E3 /* Base */,
			);
			name = Main.storyboard;
			sourceTree = "<group>";
		};
		3DCB9CAB25C7D34500ECA2E3 /* LaunchScreen.storyboard */ = {
			isa = PBXVariantGroup;
			children = (
				3DCB9CAC25C7D34500ECA2E3 /* Base */,
			);
			name = LaunchScreen.storyboard;
			sourceTree = "<group>";
		};
/* End PBXVariantGroup section */

/* Begin XCBuildConfiguration section */
		3DCB9CC525C7D34500ECA2E3 /* Debug */ = {
			isa = XCBuildConfiguration;
			buildSettings = {
				ALWAYS_SEARCH_USER_PATHS = NO;
				CLANG_ANALYZER_NONNULL = YES;
				CLANG_ANALYZER_NUMBER_OBJECT_CONVERSION = YES_AGGRESSIVE;
				CLANG_CXX_LANGUAGE_STANDARD = "gnu++14";
				CLANG_CXX_LIBRARY = "libc++";
				CLANG_ENABLE_MODULES = YES;
				CLANG_ENABLE_OBJC_ARC = YES;
				CLANG_ENABLE_OBJC_WEAK = YES;
				CLANG_WARN_BLOCK_CAPTURE_AUTORELEASING = YES;
				CLANG_WARN_BOOL_CONVERSION = YES;
				CLANG_WARN_COMMA = YES;
				CLANG_WARN_CONSTANT_CONVERSION = YES;
				CLANG_WARN_DEPRECATED_OBJC_IMPLEMENTATIONS = YES;
				CLANG_WARN_DIRECT_OBJC_ISA_USAGE = YES_ERROR;
				CLANG_WARN_DOCUMENTATION_COMMENTS = YES;
				CLANG_WARN_EMPTY_BODY = YES;
				CLANG_WARN_ENUM_CONVERSION = YES;
				CLANG_WARN_INFINITE_RECURSION = YES;
				CLANG_WARN_INT_CONVERSION = YES;
				CLANG_WARN_NON_LITERAL_NULL_CONVERSION = YES;
				CLANG_WARN_OBJC_IMPLICIT_RETAIN_SELF = YES;
				CLANG_WARN_OBJC_LITERAL_CONVERSION = YES;
				CLANG_WARN_OBJC_ROOT_CLASS = YES_ERROR;
				CLANG_WARN_QUOTED_INCLUDE_IN_FRAMEWORK_HEADER = YES;
				CLANG_WARN_RANGE_LOOP_ANALYSIS = YES;
				CLANG_WARN_STRICT_PROTOTYPES = YES;
				CLANG_WARN_SUSPICIOUS_MOVE = YES;
				CLANG_WARN_UNGUARDED_AVAILABILITY = YES_AGGRESSIVE;
				CLANG_WARN_UNREACHABLE_CODE = YES;
				CLANG_WARN__DUPLICATE_METHOD_MATCH = YES;
				COPY_PHASE_STRIP = NO;
				DEBUG_INFORMATION_FORMAT = dwarf;
				ENABLE_STRICT_OBJC_MSGSEND = YES;
				ENABLE_TESTABILITY = YES;
				GCC_C_LANGUAGE_STANDARD = gnu11;
				GCC_DYNAMIC_NO_PIC = NO;
				GCC_NO_COMMON_BLOCKS = YES;
				GCC_OPTIMIZATION_LEVEL = 0;
				GCC_PREPROCESSOR_DEFINITIONS = (
					"DEBUG=1",
					"$(inherited)",
				);
				GCC_WARN_64_TO_32_BIT_CONVERSION = YES;
				GCC_WARN_ABOUT_RETURN_TYPE = YES_ERROR;
				GCC_WARN_UNDECLARED_SELECTOR = YES;
				GCC_WARN_UNINITIALIZED_AUTOS = YES_AGGRESSIVE;
				GCC_WARN_UNUSED_FUNCTION = YES;
				GCC_WARN_UNUSED_VARIABLE = YES;
				IPHONEOS_DEPLOYMENT_TARGET = 14.4;
				MTL_ENABLE_DEBUG_INFO = INCLUDE_SOURCE;
				MTL_FAST_MATH = YES;
				ONLY_ACTIVE_ARCH = YES;
				SDKROOT = iphoneos;
				SWIFT_ACTIVE_COMPILATION_CONDITIONS = DEBUG;
				SWIFT_OPTIMIZATION_LEVEL = "-Onone";
			};
			name = Debug;
		};
		3DCB9CC625C7D34500ECA2E3 /* Release */ = {
			isa = XCBuildConfiguration;
			buildSettings = {
				ALWAYS_SEARCH_USER_PATHS = NO;
				CLANG_ANALYZER_NONNULL = YES;
				CLANG_ANALYZER_NUMBER_OBJECT_CONVERSION = YES_AGGRESSIVE;
				CLANG_CXX_LANGUAGE_STANDARD = "gnu++14";
				CLANG_CXX_LIBRARY = "libc++";
				CLANG_ENABLE_MODULES = YES;
				CLANG_ENABLE_OBJC_ARC = YES;
				CLANG_ENABLE_OBJC_WEAK = YES;
				CLANG_WARN_BLOCK_CAPTURE_AUTORELEASING = YES;
				CLANG_WARN_BOOL_CONVERSION = YES;
				CLANG_WARN_COMMA = YES;
				CLANG_WARN_CONSTANT_CONVERSION = YES;
				CLANG_WARN_DEPRECATED_OBJC_IMPLEMENTATIONS = YES;
				CLANG_WARN_DIRECT_OBJC_ISA_USAGE = YES_ERROR;
				CLANG_WARN_DOCUMENTATION_COMMENTS = YES;
				CLANG_WARN_EMPTY_BODY = YES;
				CLANG_WARN_ENUM_CONVERSION = YES;
				CLANG_WARN_INFINITE_RECURSION = YES;
				CLANG_WARN_INT_CONVERSION = YES;
				CLANG_WARN_NON_LITERAL_NULL_CONVERSION = YES;
				CLANG_WARN_OBJC_IMPLICIT_RETAIN_SELF = YES;
				CLANG_WARN_OBJC_LITERAL_CONVERSION = YES;
				CLANG_WARN_OBJC_ROOT_CLASS = YES_ERROR;
				CLANG_WARN_QUOTED_INCLUDE_IN_FRAMEWORK_HEADER = YES;
				CLANG_WARN_RANGE_LOOP_ANALYSIS = YES;
				CLANG_WARN_STRICT_PROTOTYPES = YES;
				CLANG_WARN_SUSPICIOUS_MOVE = YES;
				CLANG_WARN_UNGUARDED_AVAILABILITY = YES_AGGRESSIVE;
				CLANG_WARN_UNREACHABLE_CODE = YES;
				CLANG_WARN__DUPLICATE_METHOD_MATCH = YES;
				COPY_PHASE_STRIP = NO;
				DEBUG_INFORMATION_FORMAT = "dwarf-with-dsym";
				ENABLE_NS_ASSERTIONS = NO;
				ENABLE_STRICT_OBJC_MSGSEND = YES;
				GCC_C_LANGUAGE_STANDARD = gnu11;
				GCC_NO_COMMON_BLOCKS = YES;
				GCC_WARN_64_TO_32_BIT_CONVERSION = YES;
				GCC_WARN_ABOUT_RETURN_TYPE = YES_ERROR;
				GCC_WARN_UNDECLARED_SELECTOR = YES;
				GCC_WARN_UNINITIALIZED_AUTOS = YES_AGGRESSIVE;
				GCC_WARN_UNUSED_FUNCTION = YES;
				GCC_WARN_UNUSED_VARIABLE = YES;
				IPHONEOS_DEPLOYMENT_TARGET = 14.4;
				MTL_ENABLE_DEBUG_INFO = NO;
				MTL_FAST_MATH = YES;
				SDKROOT = iphoneos;
				SWIFT_COMPILATION_MODE = wholemodule;
				SWIFT_OPTIMIZATION_LEVEL = "-O";
				VALIDATE_PRODUCT = YES;
			};
			name = Release;
		};
		3DCB9CC825C7D34500ECA2E3 /* Debug */ = {
			isa = XCBuildConfiguration;
			baseConfigurationReference = C4814A090E9DA9834557DAA1 /* Pods-MooVee.debug.xcconfig */;
			buildSettings = {
				ASSETCATALOG_COMPILER_APPICON_NAME = AppIcon;
				ASSETCATALOG_COMPILER_GLOBAL_ACCENT_COLOR_NAME = AccentColor;
				CODE_SIGN_STYLE = Automatic;
				INFOPLIST_FILE = MooVee/Info.plist;
				LD_RUNPATH_SEARCH_PATHS = (
					"$(inherited)",
					"@executable_path/Frameworks",
				);
				PRODUCT_BUNDLE_IDENTIFIER = bighairynuts.MooVee;
				PRODUCT_NAME = "$(TARGET_NAME)";
				SWIFT_VERSION = 5.0;
				TARGETED_DEVICE_FAMILY = "1,2";
			};
			name = Debug;
		};
		3DCB9CC925C7D34500ECA2E3 /* Release */ = {
			isa = XCBuildConfiguration;
			baseConfigurationReference = C035F3382B4EE3EFD7420851 /* Pods-MooVee.release.xcconfig */;
			buildSettings = {
				ASSETCATALOG_COMPILER_APPICON_NAME = AppIcon;
				ASSETCATALOG_COMPILER_GLOBAL_ACCENT_COLOR_NAME = AccentColor;
				CODE_SIGN_STYLE = Automatic;
				INFOPLIST_FILE = MooVee/Info.plist;
				LD_RUNPATH_SEARCH_PATHS = (
					"$(inherited)",
					"@executable_path/Frameworks",
				);
				PRODUCT_BUNDLE_IDENTIFIER = bighairynuts.MooVee;
				PRODUCT_NAME = "$(TARGET_NAME)";
				SWIFT_VERSION = 5.0;
				TARGETED_DEVICE_FAMILY = "1,2";
			};
			name = Release;
		};
		3DCB9CCB25C7D34500ECA2E3 /* Debug */ = {
			isa = XCBuildConfiguration;
			baseConfigurationReference = 44AB4A565A92A88AF09BB322 /* Pods-MooVeeTests.debug.xcconfig */;
			buildSettings = {
				ALWAYS_EMBED_SWIFT_STANDARD_LIBRARIES = YES;
				BUNDLE_LOADER = "$(TEST_HOST)";
				CODE_SIGN_STYLE = Automatic;
				INFOPLIST_FILE = MooVeeTests/Info.plist;
				IPHONEOS_DEPLOYMENT_TARGET = 14.4;
				LD_RUNPATH_SEARCH_PATHS = (
					"$(inherited)",
					"@executable_path/Frameworks",
					"@loader_path/Frameworks",
				);
				PRODUCT_BUNDLE_IDENTIFIER = bighairynuts.MooVeeTests;
				PRODUCT_NAME = "$(TARGET_NAME)";
				SWIFT_VERSION = 5.0;
				TARGETED_DEVICE_FAMILY = "1,2";
				TEST_HOST = "$(BUILT_PRODUCTS_DIR)/MooVee.app/MooVee";
			};
			name = Debug;
		};
		3DCB9CCC25C7D34500ECA2E3 /* Release */ = {
			isa = XCBuildConfiguration;
			baseConfigurationReference = FA6D3E39517AC502AA4E3AF9 /* Pods-MooVeeTests.release.xcconfig */;
			buildSettings = {
				ALWAYS_EMBED_SWIFT_STANDARD_LIBRARIES = YES;
				BUNDLE_LOADER = "$(TEST_HOST)";
				CODE_SIGN_STYLE = Automatic;
				INFOPLIST_FILE = MooVeeTests/Info.plist;
				IPHONEOS_DEPLOYMENT_TARGET = 14.4;
				LD_RUNPATH_SEARCH_PATHS = (
					"$(inherited)",
					"@executable_path/Frameworks",
					"@loader_path/Frameworks",
				);
				PRODUCT_BUNDLE_IDENTIFIER = bighairynuts.MooVeeTests;
				PRODUCT_NAME = "$(TARGET_NAME)";
				SWIFT_VERSION = 5.0;
				TARGETED_DEVICE_FAMILY = "1,2";
				TEST_HOST = "$(BUILT_PRODUCTS_DIR)/MooVee.app/MooVee";
			};
			name = Release;
		};
		3DCB9CCE25C7D34500ECA2E3 /* Debug */ = {
			isa = XCBuildConfiguration;
			baseConfigurationReference = DA033268357FD693A5D09EBE /* Pods-MooVee-MooVeeUITests.debug.xcconfig */;
			buildSettings = {
				ALWAYS_EMBED_SWIFT_STANDARD_LIBRARIES = YES;
				CODE_SIGN_STYLE = Automatic;
				INFOPLIST_FILE = MooVeeUITests/Info.plist;
				LD_RUNPATH_SEARCH_PATHS = (
					"$(inherited)",
					"@executable_path/Frameworks",
					"@loader_path/Frameworks",
				);
				PRODUCT_BUNDLE_IDENTIFIER = bighairynuts.MooVeeUITests;
				PRODUCT_NAME = "$(TARGET_NAME)";
				SWIFT_VERSION = 5.0;
				TARGETED_DEVICE_FAMILY = "1,2";
				TEST_TARGET_NAME = MooVee;
			};
			name = Debug;
		};
		3DCB9CCF25C7D34500ECA2E3 /* Release */ = {
			isa = XCBuildConfiguration;
			baseConfigurationReference = 252F8F9E8E0DD2B03FECAC75 /* Pods-MooVee-MooVeeUITests.release.xcconfig */;
			buildSettings = {
				ALWAYS_EMBED_SWIFT_STANDARD_LIBRARIES = YES;
				CODE_SIGN_STYLE = Automatic;
				INFOPLIST_FILE = MooVeeUITests/Info.plist;
				LD_RUNPATH_SEARCH_PATHS = (
					"$(inherited)",
					"@executable_path/Frameworks",
					"@loader_path/Frameworks",
				);
				PRODUCT_BUNDLE_IDENTIFIER = bighairynuts.MooVeeUITests;
				PRODUCT_NAME = "$(TARGET_NAME)";
				SWIFT_VERSION = 5.0;
				TARGETED_DEVICE_FAMILY = "1,2";
				TEST_TARGET_NAME = MooVee;
			};
			name = Release;
		};
/* End XCBuildConfiguration section */

/* Begin XCConfigurationList section */
		3DCB9C9825C7D34400ECA2E3 /* Build configuration list for PBXProject "MooVee" */ = {
			isa = XCConfigurationList;
			buildConfigurations = (
				3DCB9CC525C7D34500ECA2E3 /* Debug */,
				3DCB9CC625C7D34500ECA2E3 /* Release */,
			);
			defaultConfigurationIsVisible = 0;
			defaultConfigurationName = Release;
		};
		3DCB9CC725C7D34500ECA2E3 /* Build configuration list for PBXNativeTarget "MooVee" */ = {
			isa = XCConfigurationList;
			buildConfigurations = (
				3DCB9CC825C7D34500ECA2E3 /* Debug */,
				3DCB9CC925C7D34500ECA2E3 /* Release */,
			);
			defaultConfigurationIsVisible = 0;
			defaultConfigurationName = Release;
		};
		3DCB9CCA25C7D34500ECA2E3 /* Build configuration list for PBXNativeTarget "MooVeeTests" */ = {
			isa = XCConfigurationList;
			buildConfigurations = (
				3DCB9CCB25C7D34500ECA2E3 /* Debug */,
				3DCB9CCC25C7D34500ECA2E3 /* Release */,
			);
			defaultConfigurationIsVisible = 0;
			defaultConfigurationName = Release;
		};
		3DCB9CCD25C7D34500ECA2E3 /* Build configuration list for PBXNativeTarget "MooVeeUITests" */ = {
			isa = XCConfigurationList;
			buildConfigurations = (
				3DCB9CCE25C7D34500ECA2E3 /* Debug */,
				3DCB9CCF25C7D34500ECA2E3 /* Release */,
			);
			defaultConfigurationIsVisible = 0;
			defaultConfigurationName = Release;
		};
/* End XCConfigurationList section */
	};
	rootObject = 3DCB9C9525C7D34400ECA2E3 /* Project object */;
}
